
Microsoft Visual Studio Solution File, Format Version 12.00
Project("{F2A71F9B-5D33-465A-A702-920D77279786}") = "hw4", "hw4\hw4.fsproj", "{EC900BF2-B2D7-4390-9CE5-BF0CD8EEDB66}"
EndProject
Global
	GlobalSection(SolutionConfigurationPlatforms) = preSolution
		Debug|Any CPU = Debug|Any CPU
		Release|Any CPU = Release|Any CPU
	EndGlobalSection
	GlobalSection(ProjectConfigurationPlatforms) = postSolution
		{EC900BF2-B2D7-4390-9CE5-BF0CD8EEDB66}.Debug|Any CPU.ActiveCfg = Debug|Any CPU
		{EC900BF2-B2D7-4390-9CE5-BF0CD8EEDB66}.Debug|Any CPU.Build.0 = Debug|Any CPU
		{EC900BF2-B2D7-4390-9CE5-BF0CD8EEDB66}.Release|Any CPU.ActiveCfg = Release|Any CPU
		{EC900BF2-B2D7-4390-9CE5-BF0CD8EEDB66}.Release|Any CPU.Build.0 = Release|Any CPU
	EndGlobalSection
EndGlobal
